// !$*UTF8*$!
{
	archiveVersion = 1;
	classes = {
	};
	objectVersion = 77;
	objects = {

/* Begin PBXBuildFile section */
		9B509FA92E94688F006FBED3 /* UIComponents in Frameworks */ = {isa = PBXBuildFile; productRef = 9B509FA82E94688F006FBED3 /* UIComponents */; };
		9B698B652E90865A00659378 /* InApp in Frameworks */ = {isa = PBXBuildFile; productRef = 9B698B642E90865A00659378 /* InApp */; };
		9B698B672E90865A00659378 /* Logger in Frameworks */ = {isa = PBXBuildFile; productRef = 9B698B662E90865A00659378 /* Logger */; };
		9B698B692E90865A00659378 /* Storage in Frameworks */ = {isa = PBXBuildFile; productRef = 9B698B682E90865A00659378 /* Storage */; };
		9B698B6B2E90865A00659378 /* Utilities in Frameworks */ = {isa = PBXBuildFile; productRef = 9B698B6A2E90865A00659378 /* Utilities */; };
		9BB078252E918CCE0091C7F6 /* Network in Frameworks */ = {isa = PBXBuildFile; productRef = 9BB078242E918CCE0091C7F6 /* Network */; };
		9BB2C8382E90940700B09556 /* InApp in Frameworks */ = {isa = PBXBuildFile; productRef = 9BB2C8372E90940700B09556 /* InApp */; };
		9BB2C83A2E90940700B09556 /* Logger in Frameworks */ = {isa = PBXBuildFile; productRef = 9BB2C8392E90940700B09556 /* Logger */; };
		9BB2C83C2E90940700B09556 /* Storage in Frameworks */ = {isa = PBXBuildFile; productRef = 9BB2C83B2E90940700B09556 /* Storage */; };
		9BB2C83E2E90940700B09556 /* Utilities in Frameworks */ = {isa = PBXBuildFile; productRef = 9BB2C83D2E90940700B09556 /* Utilities */; };
		9BB626D82E909545009B705C /* InApp in Frameworks */ = {isa = PBXBuildFile; productRef = 9BB626D72E909545009B705C /* InApp */; };
		9BB626DA2E909545009B705C /* Logger in Frameworks */ = {isa = PBXBuildFile; productRef = 9BB626D92E909545009B705C /* Logger */; };
		9BB626DC2E909545009B705C /* Storage in Frameworks */ = {isa = PBXBuildFile; productRef = 9BB626DB2E909545009B705C /* Storage */; };
		9BB626DE2E909545009B705C /* Utilities in Frameworks */ = {isa = PBXBuildFile; productRef = 9BB626DD2E909545009B705C /* Utilities */; };
		9BC3C2102E96C3490059BBB9 /* YouTubeLibrary in Frameworks */ = {isa = PBXBuildFile; productRef = 9BC3C20F2E96C3490059BBB9 /* YouTubeLibrary */; };
		9BC6F78D2E94830B00B98C3D /* UIComponentsLibrarySpecial in Frameworks */ = {isa = PBXBuildFile; productRef = 9BC6F78C2E94830B00B98C3D /* UIComponentsLibrarySpecial */; };
/* End PBXBuildFile section */

/* Begin PBXCopyFilesBuildPhase section */
		9B820B612DF04F65009D63B7 /* Embed Frameworks */ = {
			isa = PBXCopyFilesBuildPhase;
			buildActionMask = 2147483647;
			dstPath = "";
			dstSubfolderSpec = 10;
			files = (
			);
			name = "Embed Frameworks";
			runOnlyForDeploymentPostprocessing = 0;
		};
/* End PBXCopyFilesBuildPhase section */

/* Begin PBXFileReference section */
		9B820B492DF04F22009D63B7 /* ExampleApp.app */ = {isa = PBXFileReference; explicitFileType = wrapper.application; includeInIndex = 0; path = ExampleApp.app; sourceTree = BUILT_PRODUCTS_DIR; };
/* End PBXFileReference section */

/* Begin PBXFileSystemSynchronizedRootGroup section */
		9B820B4B2DF04F22009D63B7 /* ExampleApp */ = {
			isa = PBXFileSystemSynchronizedRootGroup;
			path = ExampleApp;
			sourceTree = "<group>";
		};
/* End PBXFileSystemSynchronizedRootGroup section */

/* Begin PBXFrameworksBuildPhase section */
		9B820B462DF04F22009D63B7 /* Frameworks */ = {
			isa = PBXFrameworksBuildPhase;
			buildActionMask = 2147483647;
			files = (
				9BC3C2102E96C3490059BBB9 /* YouTubeLibrary in Frameworks */,
				9BB626DA2E909545009B705C /* Logger in Frameworks */,
				9BB626DE2E909545009B705C /* Utilities in Frameworks */,
				9BB2C83A2E90940700B09556 /* Logger in Frameworks */,
				9BB626DC2E909545009B705C /* Storage in Frameworks */,
				9BB078252E918CCE0091C7F6 /* Network in Frameworks */,
				9B698B692E90865A00659378 /* Storage in Frameworks */,
				9BC6F78D2E94830B00B98C3D /* UIComponentsLibrarySpecial in Frameworks */,
				9BB2C83C2E90940700B09556 /* Storage in Frameworks */,
				9B698B6B2E90865A00659378 /* Utilities in Frameworks */,
				9BB2C8382E90940700B09556 /* InApp in Frameworks */,
				9BB2C83E2E90940700B09556 /* Utilities in Frameworks */,
				9B509FA92E94688F006FBED3 /* UIComponents in Frameworks */,
				9BB626D82E909545009B705C /* InApp in Frameworks */,
				9B698B672E90865A00659378 /* Logger in Frameworks */,
				9B698B652E90865A00659378 /* InApp in Frameworks */,
			);
			runOnlyForDeploymentPostprocessing = 0;
		};
/* End PBXFrameworksBuildPhase section */

/* Begin PBXGroup section */
		9B820B402DF04F22009D63B7 = {
			isa = PBXGroup;
			children = (
				9B820B4B2DF04F22009D63B7 /* ExampleApp */,
				9B820B5A2DF04F65009D63B7 /* Frameworks */,
				9B820B4A2DF04F22009D63B7 /* Products */,
			);
			sourceTree = "<group>";
		};
		9B820B4A2DF04F22009D63B7 /* Products */ = {
			isa = PBXGroup;
			children = (
				9B820B492DF04F22009D63B7 /* ExampleApp.app */,
			);
			name = Products;
			sourceTree = "<group>";
		};
		9B820B5A2DF04F65009D63B7 /* Frameworks */ = {
			isa = PBXGroup;
			children = (
			);
			name = Frameworks;
			sourceTree = "<group>";
		};
/* End PBXGroup section */

/* Begin PBXNativeTarget section */
		9B820B482DF04F22009D63B7 /* ExampleApp */ = {
			isa = PBXNativeTarget;
			buildConfigurationList = 9B820B542DF04F23009D63B7 /* Build configuration list for PBXNativeTarget "ExampleApp" */;
			buildPhases = (
				9B47BB4E2DFECC15003D3C6C /* Run Swiftlint Script */,
				9B820B452DF04F22009D63B7 /* Sources */,
				9B820B462DF04F22009D63B7 /* Frameworks */,
				9B820B472DF04F22009D63B7 /* Resources */,
				9B820B612DF04F65009D63B7 /* Embed Frameworks */,
			);
			buildRules = (
			);
			dependencies = (
				9BE63AFC2DFECAFA00FE6B78 /* PBXTargetDependency */,
			);
			fileSystemSynchronizedGroups = (
				9B820B4B2DF04F22009D63B7 /* ExampleApp */,
			);
			name = ExampleApp;
			packageProductDependencies = (
				9B698B642E90865A00659378 /* InApp */,
				9B698B662E90865A00659378 /* Logger */,
				9B698B682E90865A00659378 /* Storage */,
				9B698B6A2E90865A00659378 /* Utilities */,
				9BB2C8372E90940700B09556 /* InApp */,
				9BB2C8392E90940700B09556 /* Logger */,
				9BB2C83B2E90940700B09556 /* Storage */,
				9BB2C83D2E90940700B09556 /* Utilities */,
				9BB626D72E909545009B705C /* InApp */,
				9BB626D92E909545009B705C /* Logger */,
				9BB626DB2E909545009B705C /* Storage */,
				9BB626DD2E909545009B705C /* Utilities */,
				9BB078242E918CCE0091C7F6 /* Network */,
				9B509FA82E94688F006FBED3 /* UIComponents */,
				9BC6F78C2E94830B00B98C3D /* UIComponentsLibrarySpecial */,
				9BC3C20F2E96C3490059BBB9 /* YouTubeLibrary */,
			);
			productName = ExampleApp;
			productReference = 9B820B492DF04F22009D63B7 /* ExampleApp.app */;
			productType = "com.apple.product-type.application";
		};
/* End PBXNativeTarget section */

/* Begin PBXProject section */
		9B820B412DF04F22009D63B7 /* Project object */ = {
			isa = PBXProject;
			attributes = {
				BuildIndependentTargetsInParallel = 1;
				LastSwiftUpdateCheck = 1640;
				LastUpgradeCheck = 2600;
				TargetAttributes = {
					9B820B482DF04F22009D63B7 = {
						CreatedOnToolsVersion = 16.4;
					};
				};
			};
			buildConfigurationList = 9B820B442DF04F22009D63B7 /* Build configuration list for PBXProject "ExampleApp" */;
			developmentRegion = en;
			hasScannedForEncodings = 0;
			knownRegions = (
				en,
				Base,
				es,
				"pt-BR",
			);
			mainGroup = 9B820B402DF04F22009D63B7;
			minimizedProjectReferenceProxies = 1;
			packageReferences = (
				9B820B632DF06103009D63B7 /* XCRemoteSwiftPackageReference "SwiftLintPlugins" */,
				9BB626D62E909545009B705C /* XCLocalSwiftPackageReference "../../../KSLibrary" */,
				9BC6F78B2E94830B00B98C3D /* XCLocalSwiftPackageReference "../../UIComponentsLibrarySpecial" */,
				9BC3C20E2E96C3490059BBB9 /* XCLocalSwiftPackageReference "../../YouTubeLibrary" */,
			);
			preferredProjectObjectVersion = 77;
			productRefGroup = 9B820B4A2DF04F22009D63B7 /* Products */;
			projectDirPath = "";
			projectRoot = "";
			targets = (
				9B820B482DF04F22009D63B7 /* ExampleApp */,
			);
		};
/* End PBXProject section */

/* Begin PBXResourcesBuildPhase section */
		9B820B472DF04F22009D63B7 /* Resources */ = {
			isa = PBXResourcesBuildPhase;
			buildActionMask = 2147483647;
			files = (
			);
			runOnlyForDeploymentPostprocessing = 0;
		};
/* End PBXResourcesBuildPhase section */

/* Begin PBXShellScriptBuildPhase section */
		9B47BB4E2DFECC15003D3C6C /* Run Swiftlint Script */ = {
			isa = PBXShellScriptBuildPhase;
			alwaysOutOfDate = 1;
			buildActionMask = 2147483647;
			files = (
			);
			inputFileListPaths = (
			);
			inputPaths = (
			);
			name = "Run Swiftlint Script";
			outputFileListPaths = (
			);
			outputPaths = (
			);
			runOnlyForDeploymentPostprocessing = 0;
			shellPath = /bin/sh;
			shellScript = "SWIFT_PACKAGE_DIR=\"${BUILD_DIR%Build/*}SourcePackages/artifacts\"\nSWIFTLINT_CMD=$(ls \"$SWIFT_PACKAGE_DIR\"/swiftlintplugins/SwiftLintBinary/SwiftLintBinary.artifactbundle/swiftlint-*-macos/bin/swiftlint | head -n 1)\n\nif test -f \"$SWIFTLINT_CMD\" 2>&1\nthen\n    \"$SWIFTLINT_CMD\"\nelse\n    echo \"warning: `swiftlint` command not found - See https://github.com/realm/SwiftLint#installation for installation instructions.\"\nfi\n";
		};
/* End PBXShellScriptBuildPhase section */

/* Begin PBXSourcesBuildPhase section */
		9B820B452DF04F22009D63B7 /* Sources */ = {
			isa = PBXSourcesBuildPhase;
			buildActionMask = 2147483647;
			files = (
			);
			runOnlyForDeploymentPostprocessing = 0;
		};
/* End PBXSourcesBuildPhase section */

/* Begin PBXTargetDependency section */
		9BE63AFC2DFECAFA00FE6B78 /* PBXTargetDependency */ = {
			isa = PBXTargetDependency;
			productRef = 9BE63AFB2DFECAFA00FE6B78 /* SwiftLintBuildToolPlugin */;
		};
/* End PBXTargetDependency section */

/* Begin XCBuildConfiguration section */
		9B820B522DF04F23009D63B7 /* Debug */ = {
			isa = XCBuildConfiguration;
			buildSettings = {
				ALWAYS_SEARCH_USER_PATHS = NO;
				ASSETCATALOG_COMPILER_GENERATE_SWIFT_ASSET_SYMBOL_EXTENSIONS = YES;
				CLANG_ANALYZER_NONNULL = YES;
				CLANG_ANALYZER_NUMBER_OBJECT_CONVERSION = YES_AGGRESSIVE;
				CLANG_CXX_LANGUAGE_STANDARD = "gnu++20";
				CLANG_ENABLE_MODULES = YES;
				CLANG_ENABLE_OBJC_ARC = YES;
				CLANG_ENABLE_OBJC_WEAK = YES;
				CLANG_WARN_BLOCK_CAPTURE_AUTORELEASING = YES;
				CLANG_WARN_BOOL_CONVERSION = YES;
				CLANG_WARN_COMMA = YES;
				CLANG_WARN_CONSTANT_CONVERSION = YES;
				CLANG_WARN_DEPRECATED_OBJC_IMPLEMENTATIONS = YES;
				CLANG_WARN_DIRECT_OBJC_ISA_USAGE = YES_ERROR;
				CLANG_WARN_DOCUMENTATION_COMMENTS = YES;
				CLANG_WARN_EMPTY_BODY = YES;
				CLANG_WARN_ENUM_CONVERSION = YES;
				CLANG_WARN_INFINITE_RECURSION = YES;
				CLANG_WARN_INT_CONVERSION = YES;
				CLANG_WARN_NON_LITERAL_NULL_CONVERSION = YES;
				CLANG_WARN_OBJC_IMPLICIT_RETAIN_SELF = YES;
				CLANG_WARN_OBJC_LITERAL_CONVERSION = YES;
				CLANG_WARN_OBJC_ROOT_CLASS = YES_ERROR;
				CLANG_WARN_QUOTED_INCLUDE_IN_FRAMEWORK_HEADER = YES;
				CLANG_WARN_RANGE_LOOP_ANALYSIS = YES;
				CLANG_WARN_STRICT_PROTOTYPES = YES;
				CLANG_WARN_SUSPICIOUS_MOVE = YES;
				CLANG_WARN_UNGUARDED_AVAILABILITY = YES_AGGRESSIVE;
				CLANG_WARN_UNREACHABLE_CODE = YES;
				CLANG_WARN__DUPLICATE_METHOD_MATCH = YES;
				COPY_PHASE_STRIP = NO;
				DEBUG_INFORMATION_FORMAT = dwarf;
				DEVELOPMENT_TEAM = MZRCT4NGH4;
				ENABLE_STRICT_OBJC_MSGSEND = YES;
				ENABLE_TESTABILITY = YES;
				ENABLE_USER_SCRIPT_SANDBOXING = YES;
				GCC_C_LANGUAGE_STANDARD = gnu17;
				GCC_DYNAMIC_NO_PIC = NO;
				GCC_NO_COMMON_BLOCKS = YES;
				GCC_OPTIMIZATION_LEVEL = 0;
				GCC_PREPROCESSOR_DEFINITIONS = (
					"DEBUG=1",
					"$(inherited)",
				);
				GCC_WARN_64_TO_32_BIT_CONVERSION = YES;
				GCC_WARN_ABOUT_RETURN_TYPE = YES_ERROR;
				GCC_WARN_UNDECLARED_SELECTOR = YES;
				GCC_WARN_UNINITIALIZED_AUTOS = YES_AGGRESSIVE;
				GCC_WARN_UNUSED_FUNCTION = YES;
				GCC_WARN_UNUSED_VARIABLE = YES;
				IPHONEOS_DEPLOYMENT_TARGET = 18.5;
				LOCALIZATION_PREFERS_STRING_CATALOGS = YES;
				MTL_ENABLE_DEBUG_INFO = INCLUDE_SOURCE;
				MTL_FAST_MATH = YES;
				ONLY_ACTIVE_ARCH = YES;
				SDKROOT = iphoneos;
				STRING_CATALOG_GENERATE_SYMBOLS = YES;
				SWIFT_ACTIVE_COMPILATION_CONDITIONS = "DEBUG $(inherited)";
				SWIFT_OPTIMIZATION_LEVEL = "-Onone";
			};
			name = Debug;
		};
		9B820B532DF04F23009D63B7 /* Release */ = {
			isa = XCBuildConfiguration;
			buildSettings = {
				ALWAYS_SEARCH_USER_PATHS = NO;
				ASSETCATALOG_COMPILER_GENERATE_SWIFT_ASSET_SYMBOL_EXTENSIONS = YES;
				CLANG_ANALYZER_NONNULL = YES;
				CLANG_ANALYZER_NUMBER_OBJECT_CONVERSION = YES_AGGRESSIVE;
				CLANG_CXX_LANGUAGE_STANDARD = "gnu++20";
				CLANG_ENABLE_MODULES = YES;
				CLANG_ENABLE_OBJC_ARC = YES;
				CLANG_ENABLE_OBJC_WEAK = YES;
				CLANG_WARN_BLOCK_CAPTURE_AUTORELEASING = YES;
				CLANG_WARN_BOOL_CONVERSION = YES;
				CLANG_WARN_COMMA = YES;
				CLANG_WARN_CONSTANT_CONVERSION = YES;
				CLANG_WARN_DEPRECATED_OBJC_IMPLEMENTATIONS = YES;
				CLANG_WARN_DIRECT_OBJC_ISA_USAGE = YES_ERROR;
				CLANG_WARN_DOCUMENTATION_COMMENTS = YES;
				CLANG_WARN_EMPTY_BODY = YES;
				CLANG_WARN_ENUM_CONVERSION = YES;
				CLANG_WARN_INFINITE_RECURSION = YES;
				CLANG_WARN_INT_CONVERSION = YES;
				CLANG_WARN_NON_LITERAL_NULL_CONVERSION = YES;
				CLANG_WARN_OBJC_IMPLICIT_RETAIN_SELF = YES;
				CLANG_WARN_OBJC_LITERAL_CONVERSION = YES;
				CLANG_WARN_OBJC_ROOT_CLASS = YES_ERROR;
				CLANG_WARN_QUOTED_INCLUDE_IN_FRAMEWORK_HEADER = YES;
				CLANG_WARN_RANGE_LOOP_ANALYSIS = YES;
				CLANG_WARN_STRICT_PROTOTYPES = YES;
				CLANG_WARN_SUSPICIOUS_MOVE = YES;
				CLANG_WARN_UNGUARDED_AVAILABILITY = YES_AGGRESSIVE;
				CLANG_WARN_UNREACHABLE_CODE = YES;
				CLANG_WARN__DUPLICATE_METHOD_MATCH = YES;
				COPY_PHASE_STRIP = NO;
				DEBUG_INFORMATION_FORMAT = "dwarf-with-dsym";
				DEVELOPMENT_TEAM = MZRCT4NGH4;
				ENABLE_NS_ASSERTIONS = NO;
				ENABLE_STRICT_OBJC_MSGSEND = YES;
				ENABLE_USER_SCRIPT_SANDBOXING = YES;
				GCC_C_LANGUAGE_STANDARD = gnu17;
				GCC_NO_COMMON_BLOCKS = YES;
				GCC_WARN_64_TO_32_BIT_CONVERSION = YES;
				GCC_WARN_ABOUT_RETURN_TYPE = YES_ERROR;
				GCC_WARN_UNDECLARED_SELECTOR = YES;
				GCC_WARN_UNINITIALIZED_AUTOS = YES_AGGRESSIVE;
				GCC_WARN_UNUSED_FUNCTION = YES;
				GCC_WARN_UNUSED_VARIABLE = YES;
				IPHONEOS_DEPLOYMENT_TARGET = 18.5;
				LOCALIZATION_PREFERS_STRING_CATALOGS = YES;
				MTL_ENABLE_DEBUG_INFO = NO;
				MTL_FAST_MATH = YES;
				SDKROOT = iphoneos;
				STRING_CATALOG_GENERATE_SYMBOLS = YES;
				SWIFT_COMPILATION_MODE = wholemodule;
				VALIDATE_PRODUCT = YES;
			};
			name = Release;
		};
		9B820B552DF04F23009D63B7 /* Debug */ = {
			isa = XCBuildConfiguration;
			buildSettings = {
				ASSETCATALOG_COMPILER_APPICON_NAME = icon;
				ASSETCATALOG_COMPILER_GLOBAL_ACCENT_COLOR_NAME = AccentColor;
				CODE_SIGN_STYLE = Automatic;
				CURRENT_PROJECT_VERSION = 1;
				DEVELOPMENT_TEAM = MZRCT4NGH4;
				ENABLE_APP_SANDBOX = YES;
				ENABLE_HARDENED_RUNTIME = YES;
				ENABLE_OUTGOING_NETWORK_CONNECTIONS = YES;
				ENABLE_PREVIEWS = YES;
				ENABLE_USER_SCRIPT_SANDBOXING = NO;
				GENERATE_INFOPLIST_FILE = YES;
				INFOPLIST_KEY_UIApplicationSceneManifest_Generation = YES;
				INFOPLIST_KEY_UIApplicationSupportsIndirectInputEvents = YES;
				INFOPLIST_KEY_UILaunchScreen_Generation = YES;
				INFOPLIST_KEY_UISupportedInterfaceOrientations_iPad = "UIInterfaceOrientationPortrait UIInterfaceOrientationPortraitUpsideDown UIInterfaceOrientationLandscapeLeft UIInterfaceOrientationLandscapeRight";
				INFOPLIST_KEY_UISupportedInterfaceOrientations_iPhone = "UIInterfaceOrientationPortrait UIInterfaceOrientationLandscapeLeft UIInterfaceOrientationLandscapeRight";
				IPHONEOS_DEPLOYMENT_TARGET = 26.0;
				LD_RUNPATH_SEARCH_PATHS = (
					"$(inherited)",
					"@executable_path/Frameworks",
				);
				MACOSX_DEPLOYMENT_TARGET = 26.0;
				MARKETING_VERSION = 1.0;
				PRODUCT_BUNDLE_IDENTIFIER = com.cassio.ExampleApp;
				PRODUCT_NAME = "$(TARGET_NAME)";
				REGISTER_APP_GROUPS = YES;
				SUPPORTED_PLATFORMS = "iphoneos iphonesimulator macosx";
				SUPPORTS_MACCATALYST = NO;
				SUPPORTS_MAC_DESIGNED_FOR_IPHONE_IPAD = NO;
				SWIFT_EMIT_LOC_STRINGS = YES;
				SWIFT_VERSION = 5.0;
				TARGETED_DEVICE_FAMILY = "1,2";
			};
			name = Debug;
		};
		9B820B562DF04F23009D63B7 /* Release */ = {
			isa = XCBuildConfiguration;
			buildSettings = {
				ASSETCATALOG_COMPILER_APPICON_NAME = icon;
				ASSETCATALOG_COMPILER_GLOBAL_ACCENT_COLOR_NAME = AccentColor;
				CODE_SIGN_STYLE = Automatic;
				CURRENT_PROJECT_VERSION = 1;
				DEVELOPMENT_TEAM = MZRCT4NGH4;
				ENABLE_APP_SANDBOX = YES;
				ENABLE_HARDENED_RUNTIME = YES;
				ENABLE_OUTGOING_NETWORK_CONNECTIONS = YES;
				ENABLE_PREVIEWS = YES;
				ENABLE_USER_SCRIPT_SANDBOXING = NO;
				GENERATE_INFOPLIST_FILE = YES;
				INFOPLIST_KEY_UIApplicationSceneManifest_Generation = YES;
				INFOPLIST_KEY_UIApplicationSupportsIndirectInputEvents = YES;
				INFOPLIST_KEY_UILaunchScreen_Generation = YES;
				INFOPLIST_KEY_UISupportedInterfaceOrientations_iPad = "UIInterfaceOrientationPortrait UIInterfaceOrientationPortraitUpsideDown UIInterfaceOrientationLandscapeLeft UIInterfaceOrientationLandscapeRight";
				INFOPLIST_KEY_UISupportedInterfaceOrientations_iPhone = "UIInterfaceOrientationPortrait UIInterfaceOrientationLandscapeLeft UIInterfaceOrientationLandscapeRight";
				IPHONEOS_DEPLOYMENT_TARGET = 26.0;
				LD_RUNPATH_SEARCH_PATHS = (
					"$(inherited)",
					"@executable_path/Frameworks",
				);
				MACOSX_DEPLOYMENT_TARGET = 26.0;
				MARKETING_VERSION = 1.0;
				PRODUCT_BUNDLE_IDENTIFIER = com.cassio.ExampleApp;
				PRODUCT_NAME = "$(TARGET_NAME)";
				REGISTER_APP_GROUPS = YES;
				SUPPORTED_PLATFORMS = "iphoneos iphonesimulator macosx";
				SUPPORTS_MACCATALYST = NO;
				SUPPORTS_MAC_DESIGNED_FOR_IPHONE_IPAD = NO;
				SWIFT_EMIT_LOC_STRINGS = YES;
				SWIFT_VERSION = 5.0;
				TARGETED_DEVICE_FAMILY = "1,2";
			};
			name = Release;
		};
/* End XCBuildConfiguration section */

/* Begin XCConfigurationList section */
		9B820B442DF04F22009D63B7 /* Build configuration list for PBXProject "ExampleApp" */ = {
			isa = XCConfigurationList;
			buildConfigurations = (
				9B820B522DF04F23009D63B7 /* Debug */,
				9B820B532DF04F23009D63B7 /* Release */,
			);
			defaultConfigurationIsVisible = 0;
			defaultConfigurationName = Release;
		};
		9B820B542DF04F23009D63B7 /* Build configuration list for PBXNativeTarget "ExampleApp" */ = {
			isa = XCConfigurationList;
			buildConfigurations = (
				9B820B552DF04F23009D63B7 /* Debug */,
				9B820B562DF04F23009D63B7 /* Release */,
			);
			defaultConfigurationIsVisible = 0;
			defaultConfigurationName = Release;
		};
/* End XCConfigurationList section */

/* Begin XCLocalSwiftPackageReference section */
		9BB626D62E909545009B705C /* XCLocalSwiftPackageReference "../../../KSLibrary" */ = {
			isa = XCLocalSwiftPackageReference;
			relativePath = ../../../KSLibrary;
		};
		9BC3C20E2E96C3490059BBB9 /* XCLocalSwiftPackageReference "../../YouTubeLibrary" */ = {
			isa = XCLocalSwiftPackageReference;
			relativePath = ../../YouTubeLibrary;
		};
		9BC6F78B2E94830B00B98C3D /* XCLocalSwiftPackageReference "../../UIComponentsLibrarySpecial" */ = {
			isa = XCLocalSwiftPackageReference;
			relativePath = ../../UIComponentsLibrarySpecial;
		};
/* End XCLocalSwiftPackageReference section */

/* Begin XCRemoteSwiftPackageReference section */
		9B820B632DF06103009D63B7 /* XCRemoteSwiftPackageReference "SwiftLintPlugins" */ = {
			isa = XCRemoteSwiftPackageReference;
			repositoryURL = "https://github.com/SimplyDanny/SwiftLintPlugins";
			requirement = {
				kind = upToNextMajorVersion;
				minimumVersion = 0.59.1;
			};
		};
/* End XCRemoteSwiftPackageReference section */

/* Begin XCSwiftPackageProductDependency section */
		9B509FA82E94688F006FBED3 /* UIComponents */ = {
			isa = XCSwiftPackageProductDependency;
			package = 9BB626D62E909545009B705C /* XCLocalSwiftPackageReference "../../../KSLibrary" */;
			productName = UIComponents;
		};
		9B698B642E90865A00659378 /* InApp */ = {
			isa = XCSwiftPackageProductDependency;
			productName = InApp;
		};
		9B698B662E90865A00659378 /* Logger */ = {
			isa = XCSwiftPackageProductDependency;
			productName = Logger;
		};
		9B698B682E90865A00659378 /* Storage */ = {
			isa = XCSwiftPackageProductDependency;
			productName = Storage;
		};
		9B698B6A2E90865A00659378 /* Utilities */ = {
			isa = XCSwiftPackageProductDependency;
			productName = Utilities;
		};
		9BB078242E918CCE0091C7F6 /* Network */ = {
			isa = XCSwiftPackageProductDependency;
			package = 9BB626D62E909545009B705C /* XCLocalSwiftPackageReference "../../../KSLibrary" */;
			productName = Network;
		};
		9BB2C8372E90940700B09556 /* InApp */ = {
			isa = XCSwiftPackageProductDependency;
			productName = InApp;
		};
		9BB2C8392E90940700B09556 /* Logger */ = {
			isa = XCSwiftPackageProductDependency;
			productName = Logger;
		};
		9BB2C83B2E90940700B09556 /* Storage */ = {
			isa = XCSwiftPackageProductDependency;
			productName = Storage;
		};
		9BB2C83D2E90940700B09556 /* Utilities */ = {
			isa = XCSwiftPackageProductDependency;
			productName = Utilities;
		};
		9BB626D72E909545009B705C /* InApp */ = {
			isa = XCSwiftPackageProductDependency;
			productName = InApp;
		};
		9BB626D92E909545009B705C /* Logger */ = {
			isa = XCSwiftPackageProductDependency;
			productName = Logger;
		};
		9BB626DB2E909545009B705C /* Storage */ = {
			isa = XCSwiftPackageProductDependency;
			productName = Storage;
		};
		9BB626DD2E909545009B705C /* Utilities */ = {
			isa = XCSwiftPackageProductDependency;
			productName = Utilities;
		};
		9BC3C20F2E96C3490059BBB9 /* YouTubeLibrary */ = {
			isa = XCSwiftPackageProductDependency;
			productName = YouTubeLibrary;
		};
		9BC6F78C2E94830B00B98C3D /* UIComponentsLibrarySpecial */ = {
			isa = XCSwiftPackageProductDependency;
			productName = UIComponentsLibrarySpecial;
		};
		9BE63AFB2DFECAFA00FE6B78 /* SwiftLintBuildToolPlugin */ = {
			isa = XCSwiftPackageProductDependency;
			package = 9B820B632DF06103009D63B7 /* XCRemoteSwiftPackageReference "SwiftLintPlugins" */;
			productName = "plugin:SwiftLintBuildToolPlugin";
		};
/* End XCSwiftPackageProductDependency section */
	};
	rootObject = 9B820B412DF04F22009D63B7 /* Project object */;
}
